
Microsoft Visual Studio Solution File, Format Version 12.00
# Visual Studio 15
VisualStudioVersion = 15.0.28307.779
MinimumVisualStudioVersion = 10.0.40219.1
Project("{FAE04EC0-301F-11D3-BF4B-00C04F79EFBC}") = "MayoWebApp", "MayoWebApp\MayoWebApp.csproj", "{27F7A872-4E81-4625-B331-D57EAF352A9A}"
EndProject
Global
	GlobalSection(SolutionConfigurationPlatforms) = preSolution
		Debug|Any CPU = Debug|Any CPU
		Release|Any CPU = Release|Any CPU
	EndGlobalSection
	GlobalSection(ProjectConfigurationPlatforms) = postSolution
		{27F7A872-4E81-4625-B331-D57EAF352A9A}.Debug|Any CPU.ActiveCfg = Debug|Any CPU
		{27F7A872-4E81-4625-B331-D57EAF352A9A}.Debug|Any CPU.Build.0 = Debug|Any CPU
		{27F7A872-4E81-4625-B331-D57EAF352A9A}.Release|Any CPU.ActiveCfg = Release|Any CPU
		{27F7A872-4E81-4625-B331-D57EAF352A9A}.Release|Any CPU.Build.0 = Release|Any CPU
	EndGlobalSection
	GlobalSection(SolutionProperties) = preSolution
		HideSolutionNode = FALSE
	EndGlobalSection
	GlobalSection(ExtensibilityGlobals) = postSolution
		SolutionGuid = {B2E5F608-5D8B-4834-86CB-0B37C23BDFC8}
	EndGlobalSection
EndGlobal
